
Microsoft Visual Studio Solution File, Format Version 12.00
# Visual Studio Version 17
VisualStudioVersion = 17.14.36310.24 d17.14
MinimumVisualStudioVersion = 10.0.40219.1
Project("{8BC9CEB8-8B4A-11D0-8D11-00A0C91BC942}") = "DebugProject", "DebugProject.vcxproj", "{9095EE27-F5F4-4475-9E23-7FF166CC352A}"
EndProject
Global
	GlobalSection(SolutionConfigurationPlatforms) = preSolution
		Debug|x64 = Debug|x64
		Debug|x86 = Debug|x86
		Release|x64 = Release|x64
		Release|x86 = Release|x86
	EndGlobalSection
	GlobalSection(ProjectConfigurationPlatforms) = postSolution
		{9095EE27-F5F4-4475-9E23-7FF166CC352A}.Debug|x64.ActiveCfg = Debug|x64
		{9095EE27-F5F4-4475-9E23-7FF166CC352A}.Debug|x64.Build.0 = Debug|x64
		{9095EE27-F5F4-4475-9E23-7FF166CC352A}.Debug|x86.ActiveCfg = Debug|Win32
		{9095EE27-F5F4-4475-9E23-7FF166CC352A}.Debug|x86.Build.0 = Debug|Win32
		{9095EE27-F5F4-4475-9E23-7FF166CC352A}.Release|x64.ActiveCfg = Release|x64
		{9095EE27-F5F4-4475-9E23-7FF166CC352A}.Release|x64.Build.0 = Release|x64
		{9095EE27-F5F4-4475-9E23-7FF166CC352A}.Release|x86.ActiveCfg = Release|Win32
		{9095EE27-F5F4-4475-9E23-7FF166CC352A}.Release|x86.Build.0 = Release|Win32
	EndGlobalSection
	GlobalSection(SolutionProperties) = preSolution
		HideSolutionNode = FALSE
	EndGlobalSection
	GlobalSection(ExtensibilityGlobals) = postSolution
		SolutionGuid = {80B2FBBF-7CF9-4C76-BF5C-129F3E0D646F}
	EndGlobalSection
EndGlobal
